// !$*UTF8*$!
{
	archiveVersion = 1;
	classes = {
	};
	objectVersion = 50;
	objects = {

/* Begin PBXBuildFile section */
		D0A25DE22353C902000C5EB4 /* AppDelegate.swift in Sources */ = {isa = PBXBuildFile; fileRef = D0A25DE12353C902000C5EB4 /* AppDelegate.swift */; };
		D0A25DE42353C902000C5EB4 /* SceneDelegate.swift in Sources */ = {isa = PBXBuildFile; fileRef = D0A25DE32353C902000C5EB4 /* SceneDelegate.swift */; };
		D0A25DE62353C902000C5EB4 /* ContentView.swift in Sources */ = {isa = PBXBuildFile; fileRef = D0A25DE52353C902000C5EB4 /* ContentView.swift */; };
		D0A25DE82353C905000C5EB4 /* Assets.xcassets in Resources */ = {isa = PBXBuildFile; fileRef = D0A25DE72353C905000C5EB4 /* Assets.xcassets */; };
		D0A25DEB2353C905000C5EB4 /* Preview Assets.xcassets in Resources */ = {isa = PBXBuildFile; fileRef = D0A25DEA2353C905000C5EB4 /* Preview Assets.xcassets */; };
		D0A25DEE2353C905000C5EB4 /* LaunchScreen.storyboard in Resources */ = {isa = PBXBuildFile; fileRef = D0A25DEC2353C905000C5EB4 /* LaunchScreen.storyboard */; };
/* End PBXBuildFile section */

/* Begin PBXFileReference section */
		D0A25DDE2353C902000C5EB4 /* versioning_fixture_project.app */ = {isa = PBXFileReference; explicitFileType = wrapper.application; includeInIndex = 0; path = versioning_fixture_project.app; sourceTree = BUILT_PRODUCTS_DIR; };
		D0A25DE12353C902000C5EB4 /* AppDelegate.swift */ = {isa = PBXFileReference; lastKnownFileType = sourcecode.swift; path = AppDelegate.swift; sourceTree = "<group>"; };
		D0A25DE32353C902000C5EB4 /* SceneDelegate.swift */ = {isa = PBXFileReference; lastKnownFileType = sourcecode.swift; path = SceneDelegate.swift; sourceTree = "<group>"; };
		D0A25DE52353C902000C5EB4 /* ContentView.swift */ = {isa = PBXFileReference; lastKnownFileType = sourcecode.swift; path = ContentView.swift; sourceTree = "<group>"; };
		D0A25DE72353C905000C5EB4 /* Assets.xcassets */ = {isa = PBXFileReference; lastKnownFileType = folder.assetcatalog; path = Assets.xcassets; sourceTree = "<group>"; };
		D0A25DEA2353C905000C5EB4 /* Preview Assets.xcassets */ = {isa = PBXFileReference; lastKnownFileType = folder.assetcatalog; path = "Preview Assets.xcassets"; sourceTree = "<group>"; };
		D0A25DED2353C905000C5EB4 /* Base */ = {isa = PBXFileReference; lastKnownFileType = file.storyboard; name = Base; path = Base.lproj/LaunchScreen.storyboard; sourceTree = "<group>"; };
		D0A25DEF2353C905000C5EB4 /* New-Info.plist */ = {isa = PBXFileReference; lastKnownFileType = text.plist.xml; path = New-Info.plist; sourceTree = "<group>"; };
/* End PBXFileReference section */

/* Begin PBXFrameworksBuildPhase section */
		D0A25DDB2353C902000C5EB4 /* Frameworks */ = {
			isa = PBXFrameworksBuildPhase;
			buildActionMask = 2147483647;
			files = (
			);
			runOnlyForDeploymentPostprocessing = 0;
		};
/* End PBXFrameworksBuildPhase section */

/* Begin PBXGroup section */
		D0A25DD52353C902000C5EB4 = {
			isa = PBXGroup;
			children = (
				D0A25DE02353C902000C5EB4 /* versioning_fixture_project */,
				D0A25DDF2353C902000C5EB4 /* Products */,
			);
			sourceTree = "<group>";
		};
		D0A25DDF2353C902000C5EB4 /* Products */ = {
			isa = PBXGroup;
			children = (
				D0A25DDE2353C902000C5EB4 /* versioning_fixture_project.app */,
			);
			name = Products;
			sourceTree = "<group>";
		};
		D0A25DE02353C902000C5EB4 /* versioning_fixture_project */ = {
			isa = PBXGroup;
			children = (
				D0A25DE12353C902000C5EB4 /* AppDelegate.swift */,
				D0A25DE32353C902000C5EB4 /* SceneDelegate.swift */,
				D0A25DE52353C902000C5EB4 /* ContentView.swift */,
				D0A25DE72353C905000C5EB4 /* Assets.xcassets */,
				D0A25DEC2353C905000C5EB4 /* LaunchScreen.storyboard */,
				D0A25DEF2353C905000C5EB4 /* New-Info.plist */,
				D0A25DE92353C905000C5EB4 /* Preview Content */,
			);
			path = versioning_fixture_project;
			sourceTree = "<group>";
		};
		D0A25DE92353C905000C5EB4 /* Preview Content */ = {
			isa = PBXGroup;
			children = (
				D0A25DEA2353C905000C5EB4 /* Preview Assets.xcassets */,
			);
			path = "Preview Content";
			sourceTree = "<group>";
		};
/* End PBXGroup section */

/* Begin PBXNativeTarget section */
		D0A25DDD2353C902000C5EB4 /* versioning_fixture_project */ = {
			isa = PBXNativeTarget;
			buildConfigurationList = D0A25DF22353C905000C5EB4 /* Build configuration list for PBXNativeTarget "versioning_fixture_project" */;
			buildPhases = (
				D0A25DDA2353C902000C5EB4 /* Sources */,
				D0A25DDB2353C902000C5EB4 /* Frameworks */,
				D0A25DDC2353C902000C5EB4 /* Resources */,
			);
			buildRules = (
			);
			dependencies = (
			);
			name = versioning_fixture_project;
			productName = versioning_fixture_project;
			productReference = D0A25DDE2353C902000C5EB4 /* versioning_fixture_project.app */;
			productType = "com.apple.product-type.application";
		};
/* End PBXNativeTarget section */

/* Begin PBXProject section */
		D0A25DD62353C902000C5EB4 /* Project object */ = {
			isa = PBXProject;
			attributes = {
				LastSwiftUpdateCheck = 1110;
				LastUpgradeCheck = 1110;
				ORGANIZATIONNAME = "John Douglas";
				TargetAttributes = {
					D0A25DDD2353C902000C5EB4 = {
						CreatedOnToolsVersion = 11.1;
					};
				};
			};
			buildConfigurationList = D0A25DD92353C902000C5EB4 /* Build configuration list for PBXProject "versioning_fixture_project" */;
			compatibilityVersion = "Xcode 9.3";
			developmentRegion = en;
			hasScannedForEncodings = 0;
			knownRegions = (
				en,
				Base,
			);
			mainGroup = D0A25DD52353C902000C5EB4;
			productRefGroup = D0A25DDF2353C902000C5EB4 /* Products */;
			projectDirPath = "";
			projectRoot = "";
			targets = (
				D0A25DDD2353C902000C5EB4 /* versioning_fixture_project */,
			);
		};
/* End PBXProject section */

/* Begin PBXResourcesBuildPhase section */
		D0A25DDC2353C902000C5EB4 /* Resources */ = {
			isa = PBXResourcesBuildPhase;
			buildActionMask = 2147483647;
			files = (
				D0A25DEE2353C905000C5EB4 /* LaunchScreen.storyboard in Resources */,
				D0A25DEB2353C905000C5EB4 /* Preview Assets.xcassets in Resources */,
				D0A25DE82353C905000C5EB4 /* Assets.xcassets in Resources */,
			);
			runOnlyForDeploymentPostprocessing = 0;
		};
/* End PBXResourcesBuildPhase section */

/* Begin PBXSourcesBuildPhase section */
		D0A25DDA2353C902000C5EB4 /* Sources */ = {
			isa = PBXSourcesBuildPhase;
			buildActionMask = 2147483647;
			files = (
				D0A25DE22353C902000C5EB4 /* AppDelegate.swift in Sources */,
				D0A25DE42353C902000C5EB4 /* SceneDelegate.swift in Sources */,
				D0A25DE62353C902000C5EB4 /* ContentView.swift in Sources */,
			);
			runOnlyForDeploymentPostprocessing = 0;
		};
/* End PBXSourcesBuildPhase section */

/* Begin PBXVariantGroup section */
		D0A25DEC2353C905000C5EB4 /* LaunchScreen.storyboard */ = {
			isa = PBXVariantGroup;
			children = (
				D0A25DED2353C905000C5EB4 /* Base */,
			);
			name = LaunchScreen.storyboard;
			sourceTree = "<group>";
		};
/* End PBXVariantGroup section */

/* Begin XCBuildConfiguration section */
		D0A25DF02353C905000C5EB4 /* Debug */ = {
			isa = XCBuildConfiguration;
			buildSettings = {
				ALWAYS_SEARCH_USER_PATHS = NO;
				CLANG_ANALYZER_NONNULL = YES;
				CLANG_ANALYZER_NUMBER_OBJECT_CONVERSION = YES_AGGRESSIVE;
				CLANG_CXX_LANGUAGE_STANDARD = "gnu++14";
				CLANG_CXX_LIBRARY = "libc++";
				CLANG_ENABLE_MODULES = YES;
				CLANG_ENABLE_OBJC_ARC = YES;
				CLANG_ENABLE_OBJC_WEAK = YES;
				CLANG_WARN_BLOCK_CAPTURE_AUTORELEASING = YES;
				CLANG_WARN_BOOL_CONVERSION = YES;
				CLANG_WARN_COMMA = YES;
				CLANG_WARN_CONSTANT_CONVERSION = YES;
				CLANG_WARN_DEPRECATED_OBJC_IMPLEMENTATIONS = YES;
				CLANG_WARN_DIRECT_OBJC_ISA_USAGE = YES_ERROR;
				CLANG_WARN_DOCUMENTATION_COMMENTS = YES;
				CLANG_WARN_EMPTY_BODY = YES;
				CLANG_WARN_ENUM_CONVERSION = YES;
				CLANG_WARN_INFINITE_RECURSION = YES;
				CLANG_WARN_INT_CONVERSION = YES;
				CLANG_WARN_NON_LITERAL_NULL_CONVERSION = YES;
				CLANG_WARN_OBJC_IMPLICIT_RETAIN_SELF = YES;
				CLANG_WARN_OBJC_LITERAL_CONVERSION = YES;
				CLANG_WARN_OBJC_ROOT_CLASS = YES_ERROR;
				CLANG_WARN_RANGE_LOOP_ANALYSIS = YES;
				CLANG_WARN_STRICT_PROTOTYPES = YES;
				CLANG_WARN_SUSPICIOUS_MOVE = YES;
				CLANG_WARN_UNGUARDED_AVAILABILITY = YES_AGGRESSIVE;
				CLANG_WARN_UNREACHABLE_CODE = YES;
				CLANG_WARN__DUPLICATE_METHOD_MATCH = YES;
				COPY_PHASE_STRIP = NO;
				DEBUG_INFORMATION_FORMAT = dwarf;
				ENABLE_STRICT_OBJC_MSGSEND = YES;
				ENABLE_TESTABILITY = YES;
				GCC_C_LANGUAGE_STANDARD = gnu11;
				GCC_DYNAMIC_NO_PIC = NO;
				GCC_NO_COMMON_BLOCKS = YES;
				GCC_OPTIMIZATION_LEVEL = 0;
				GCC_PREPROCESSOR_DEFINITIONS = (
					"DEBUG=1",
					"$(inherited)",
				);
				GCC_WARN_64_TO_32_BIT_CONVERSION = YES;
				GCC_WARN_ABOUT_RETURN_TYPE = YES_ERROR;
				GCC_WARN_UNDECLARED_SELECTOR = YES;
				GCC_WARN_UNINITIALIZED_AUTOS = YES_AGGRESSIVE;
				GCC_WARN_UNUSED_FUNCTION = YES;
				GCC_WARN_UNUSED_VARIABLE = YES;
				IPHONEOS_DEPLOYMENT_TARGET = 13.1;
				MTL_ENABLE_DEBUG_INFO = INCLUDE_SOURCE;
				MTL_FAST_MATH = YES;
				ONLY_ACTIVE_ARCH = YES;
				SDKROOT = iphoneos;
				SWIFT_ACTIVE_COMPILATION_CONDITIONS = DEBUG;
				SWIFT_OPTIMIZATION_LEVEL = "-Onone";
			};
			name = Debug;
		};
		D0A25DF12353C905000C5EB4 /* Release */ = {
			isa = XCBuildConfiguration;
			buildSettings = {
				ALWAYS_SEARCH_USER_PATHS = NO;
				CLANG_ANALYZER_NONNULL = YES;
				CLANG_ANALYZER_NUMBER_OBJECT_CONVERSION = YES_AGGRESSIVE;
				CLANG_CXX_LANGUAGE_STANDARD = "gnu++14";
				CLANG_CXX_LIBRARY = "libc++";
				CLANG_ENABLE_MODULES = YES;
				CLANG_ENABLE_OBJC_ARC = YES;
				CLANG_ENABLE_OBJC_WEAK = YES;
				CLANG_WARN_BLOCK_CAPTURE_AUTORELEASING = YES;
				CLANG_WARN_BOOL_CONVERSION = YES;
				CLANG_WARN_COMMA = YES;
				CLANG_WARN_CONSTANT_CONVERSION = YES;
				CLANG_WARN_DEPRECATED_OBJC_IMPLEMENTATIONS = YES;
				CLANG_WARN_DIRECT_OBJC_ISA_USAGE = YES_ERROR;
				CLANG_WARN_DOCUMENTATION_COMMENTS = YES;
				CLANG_WARN_EMPTY_BODY = YES;
				CLANG_WARN_ENUM_CONVERSION = YES;
				CLANG_WARN_INFINITE_RECURSION = YES;
				CLANG_WARN_INT_CONVERSION = YES;
				CLANG_WARN_NON_LITERAL_NULL_CONVERSION = YES;
				CLANG_WARN_OBJC_IMPLICIT_RETAIN_SELF = YES;
				CLANG_WARN_OBJC_LITERAL_CONVERSION = YES;
				CLANG_WARN_OBJC_ROOT_CLASS = YES_ERROR;
				CLANG_WARN_RANGE_LOOP_ANALYSIS = YES;
				CLANG_WARN_STRICT_PROTOTYPES = YES;
				CLANG_WARN_SUSPICIOUS_MOVE = YES;
				CLANG_WARN_UNGUARDED_AVAILABILITY = YES_AGGRESSIVE;
				CLANG_WARN_UNREACHABLE_CODE = YES;
				CLANG_WARN__DUPLICATE_METHOD_MATCH = YES;
				COPY_PHASE_STRIP = NO;
				DEBUG_INFORMATION_FORMAT = "dwarf-with-dsym";
				ENABLE_NS_ASSERTIONS = NO;
				ENABLE_STRICT_OBJC_MSGSEND = YES;
				GCC_C_LANGUAGE_STANDARD = gnu11;
				GCC_NO_COMMON_BLOCKS = YES;
				GCC_WARN_64_TO_32_BIT_CONVERSION = YES;
				GCC_WARN_ABOUT_RETURN_TYPE = YES_ERROR;
				GCC_WARN_UNDECLARED_SELECTOR = YES;
				GCC_WARN_UNINITIALIZED_AUTOS = YES_AGGRESSIVE;
				GCC_WARN_UNUSED_FUNCTION = YES;
				GCC_WARN_UNUSED_VARIABLE = YES;
				IPHONEOS_DEPLOYMENT_TARGET = 13.1;
				MTL_ENABLE_DEBUG_INFO = NO;
				MTL_FAST_MATH = YES;
				SDKROOT = iphoneos;
				SWIFT_COMPILATION_MODE = wholemodule;
				SWIFT_OPTIMIZATION_LEVEL = "-O";
				VALIDATE_PRODUCT = YES;
			};
			name = Release;
		};
		D0A25DF32353C905000C5EB4 /* Debug */ = {
			isa = XCBuildConfiguration;
			buildSettings = {
				ASSETCATALOG_COMPILER_APPICON_NAME = AppIcon;
				CODE_SIGN_STYLE = Automatic;
				CURRENT_PROJECT_VERSION = 1;
				DEVELOPMENT_ASSET_PATHS = "\"versioning_fixture_project/Preview Content\"";
				ENABLE_PREVIEWS = YES;
				INFOPLIST_FILE = versioning_fixture_project/New-Info.plist;
				LD_RUNPATH_SEARCH_PATHS = (
					"$(inherited)",
					"@executable_path/Frameworks",
				);
				MARKETING_VERSION = 0.0.1;
				PRODUCT_BUNDLE_IDENTIFIER = com.fastlane.community.action.versioning.versioning_fixture_project;
				PRODUCT_NAME = "$(TARGET_NAME)";
				SWIFT_VERSION = 5.0;
				TARGETED_DEVICE_FAMILY = "1,2";
			};
			name = Debug;
		};
		D0A25DF42353C905000C5EB4 /* Release */ = {
			isa = XCBuildConfiguration;
			buildSettings = {
				ASSETCATALOG_COMPILER_APPICON_NAME = AppIcon;
				CODE_SIGN_STYLE = Automatic;
				CURRENT_PROJECT_VERSION = 1;
				DEVELOPMENT_ASSET_PATHS = "\"versioning_fixture_project/Preview Content\"";
				ENABLE_PREVIEWS = YES;
				INFOPLIST_FILE = versioning_fixture_project/New-Info.plist;
				LD_RUNPATH_SEARCH_PATHS = (
					"$(inherited)",
					"@executable_path/Frameworks",
				);
				MARKETING_VERSION = 0.0.1;
				PRODUCT_BUNDLE_IDENTIFIER = com.fastlane.community.action.versioning.versioning_fixture_project;
				PRODUCT_NAME = "$(TARGET_NAME)";
				SWIFT_VERSION = 5.0;
				TARGETED_DEVICE_FAMILY = "1,2";
			};
			name = Release;
		};
/* End XCBuildConfiguration section */

/* Begin XCConfigurationList section */
		D0A25DD92353C902000C5EB4 /* Build configuration list for PBXProject "versioning_fixture_project" */ = {
			isa = XCConfigurationList;
			buildConfigurations = (
				D0A25DF02353C905000C5EB4 /* Debug */,
				D0A25DF12353C905000C5EB4 /* Release */,
			);
			defaultConfigurationIsVisible = 0;
			defaultConfigurationName = Release;
		};
		D0A25DF22353C905000C5EB4 /* Build configuration list for PBXNativeTarget "versioning_fixture_project" */ = {
			isa = XCConfigurationList;
			buildConfigurations = (
				D0A25DF32353C905000C5EB4 /* Debug */,
				D0A25DF42353C905000C5EB4 /* Release */,
			);
			defaultConfigurationIsVisible = 0;
			defaultConfigurationName = Release;
		};
/* End XCConfigurationList section */
	};
	rootObject = D0A25DD62353C902000C5EB4 /* Project object */;
}
